
Microsoft Visual Studio Solution File, Format Version 12.00
# Visual Studio Version 16
VisualStudioVersion = 16.0.29020.237
MinimumVisualStudioVersion = 10.0.40219.1
Project("{FAE04EC0-301F-11D3-BF4B-00C04F79EFBC}") = "WebApiUdemy", "WebApiUdemy\WebApiUdemy.csproj", "{48EE8BE7-CDF8-4E26-8228-1A3DD4058D12}"
EndProject
Global
	GlobalSection(SolutionConfigurationPlatforms) = preSolution
		Debug|Any CPU = Debug|Any CPU
		Release|Any CPU = Release|Any CPU
	EndGlobalSection
	GlobalSection(ProjectConfigurationPlatforms) = postSolution
		{48EE8BE7-CDF8-4E26-8228-1A3DD4058D12}.Debug|Any CPU.ActiveCfg = Debug|Any CPU
		{48EE8BE7-CDF8-4E26-8228-1A3DD4058D12}.Debug|Any CPU.Build.0 = Debug|Any CPU
		{48EE8BE7-CDF8-4E26-8228-1A3DD4058D12}.Release|Any CPU.ActiveCfg = Release|Any CPU
		{48EE8BE7-CDF8-4E26-8228-1A3DD4058D12}.Release|Any CPU.Build.0 = Release|Any CPU
	EndGlobalSection
	GlobalSection(SolutionProperties) = preSolution
		HideSolutionNode = FALSE
	EndGlobalSection
	GlobalSection(ExtensibilityGlobals) = postSolution
		SolutionGuid = {B05D5936-7320-4148-A29A-833A8D13C95A}
	EndGlobalSection
EndGlobal
